{
  "name": "purescript-generic-graphviz",
  "version": "1.0.0",
  "lockfileVersion": 1,
  "requires": true,
  "dependencies": {
    "viz.js": {
      "version": "1.8.0",
      "resolved": "https://registry.npmjs.org/viz.js/-/viz.js-1.8.0.tgz",
      "integrity": "sha1-4Mta0kE2jjWxpulgaR66RUwklR8="
    }
  }
}
